
Microsoft Visual Studio Solution File, Format Version 12.00
# Visual Studio Version 17
VisualStudioVersion = 17.8.34601.278
MinimumVisualStudioVersion = 10.0.40219.1
Project("{9A19103F-16F7-4668-BE54-9A1E7A4F7556}") = "WebMVCControllerAPIComboCascadeEF", "WebMVCControllerAPIComboCascadeEF\WebMVCControllerAPIComboCascadeEF.csproj", "{66CEE31C-F186-4580-8565-38ADD1846354}"
EndProject
Project("{9A19103F-16F7-4668-BE54-9A1E7A4F7556}") = "CLSerilog", "CLSerilog\CLSerilog.csproj", "{7ABBA06D-BB3A-4475-8DC6-B90A962388F0}"
EndProject
Project("{FAE04EC0-301F-11D3-BF4B-00C04F79EFBC}") = "CLHelperLog", "CLHelperLog\CLHelperLog.csproj", "{C0F117BA-E7C4-437C-9785-AD8CE1810F0C}"
EndProject
Global
	GlobalSection(SolutionConfigurationPlatforms) = preSolution
		Debug|Any CPU = Debug|Any CPU
		Release|Any CPU = Release|Any CPU
	EndGlobalSection
	GlobalSection(ProjectConfigurationPlatforms) = postSolution
		{66CEE31C-F186-4580-8565-38ADD1846354}.Debug|Any CPU.ActiveCfg = Debug|Any CPU
		{66CEE31C-F186-4580-8565-38ADD1846354}.Debug|Any CPU.Build.0 = Debug|Any CPU
		{66CEE31C-F186-4580-8565-38ADD1846354}.Release|Any CPU.ActiveCfg = Release|Any CPU
		{66CEE31C-F186-4580-8565-38ADD1846354}.Release|Any CPU.Build.0 = Release|Any CPU
		{7ABBA06D-BB3A-4475-8DC6-B90A962388F0}.Debug|Any CPU.ActiveCfg = Debug|Any CPU
		{7ABBA06D-BB3A-4475-8DC6-B90A962388F0}.Debug|Any CPU.Build.0 = Debug|Any CPU
		{7ABBA06D-BB3A-4475-8DC6-B90A962388F0}.Release|Any CPU.ActiveCfg = Release|Any CPU
		{7ABBA06D-BB3A-4475-8DC6-B90A962388F0}.Release|Any CPU.Build.0 = Release|Any CPU
		{C0F117BA-E7C4-437C-9785-AD8CE1810F0C}.Debug|Any CPU.ActiveCfg = Debug|Any CPU
		{C0F117BA-E7C4-437C-9785-AD8CE1810F0C}.Debug|Any CPU.Build.0 = Debug|Any CPU
		{C0F117BA-E7C4-437C-9785-AD8CE1810F0C}.Release|Any CPU.ActiveCfg = Release|Any CPU
		{C0F117BA-E7C4-437C-9785-AD8CE1810F0C}.Release|Any CPU.Build.0 = Release|Any CPU
	EndGlobalSection
	GlobalSection(SolutionProperties) = preSolution
		HideSolutionNode = FALSE
	EndGlobalSection
	GlobalSection(ExtensibilityGlobals) = postSolution
		SolutionGuid = {63F983C0-66EB-40F8-9A94-EAC8913B4F57}
	EndGlobalSection
EndGlobal
